
Microsoft Visual Studio Solution File, Format Version 12.00
# Visual Studio Version 17
VisualStudioVersion = 17.0.31919.166
MinimumVisualStudioVersion = 10.0.40219.1
Project("{FAE04EC0-301F-11D3-BF4B-00C04F79EFBC}") = "Shipping", "Shipping\Shipping.csproj", "{922FBACA-5041-4294-A590-D550DC15F9C1}"
EndProject
Project("{FAE04EC0-301F-11D3-BF4B-00C04F79EFBC}") = "Shipping.Tests", "Shipping.Tests\Shipping.Tests.csproj", "{4096A77A-C565-42C5-93D5-F0B093CBF498}"
EndProject
Global
	GlobalSection(SolutionConfigurationPlatforms) = preSolution
		Debug|Any CPU = Debug|Any CPU
		Release|Any CPU = Release|Any CPU
	EndGlobalSection
	GlobalSection(ProjectConfigurationPlatforms) = postSolution
		{922FBACA-5041-4294-A590-D550DC15F9C1}.Debug|Any CPU.ActiveCfg = Debug|Any CPU
		{922FBACA-5041-4294-A590-D550DC15F9C1}.Debug|Any CPU.Build.0 = Debug|Any CPU
		{922FBACA-5041-4294-A590-D550DC15F9C1}.Release|Any CPU.ActiveCfg = Release|Any CPU
		{922FBACA-5041-4294-A590-D550DC15F9C1}.Release|Any CPU.Build.0 = Release|Any CPU
		{4096A77A-C565-42C5-93D5-F0B093CBF498}.Debug|Any CPU.ActiveCfg = Debug|Any CPU
		{4096A77A-C565-42C5-93D5-F0B093CBF498}.Debug|Any CPU.Build.0 = Debug|Any CPU
		{4096A77A-C565-42C5-93D5-F0B093CBF498}.Release|Any CPU.ActiveCfg = Release|Any CPU
		{4096A77A-C565-42C5-93D5-F0B093CBF498}.Release|Any CPU.Build.0 = Release|Any CPU
	EndGlobalSection
	GlobalSection(SolutionProperties) = preSolution
		HideSolutionNode = FALSE
	EndGlobalSection
	GlobalSection(ExtensibilityGlobals) = postSolution
		SolutionGuid = {9CC8D6B9-8104-48A2-8E74-527E04264BF2}
	EndGlobalSection
EndGlobal
